dependencies:
- name: opendkim
  repository: file://charts/opendkim
  version: 0.1.0
- name: postfix
  repository: file://charts/postfix
  version: 0.1.0
- name: redis
  repository: file://charts/redis
  version: 0.1.0
- name: unbound
  repository: file://charts/unbound
  version: 0.1.0
- name: rspamd
  repository: file://charts/rspamd
  version: 0.1.0
- name: seaweedfs
  repository: file://charts/seaweedfs
  version: 0.1.0
- name: raven
  repository: file://charts/raven
  version: 0.1.0
- name: thunder
  repository: oci://ghcr.io/asgardeo/helm-charts
  version: 0.32.0
digest: sha256:c2d4f08ddd201dba1702fdd4288914d3ccd61a1879dd5b2ff3a6c268746f9aa0
generated: "2026-07-16T15:04:05.686793+05:30"
